{
  "name": "bohio-appwrite",
  "version": "1.0.0",
  "lockfileVersion": 1,
  "requires": true,
  "dependencies": {
    "appwrite": {
      "version": "2.0.0",
      "resolved": "https://registry.npmjs.org/appwrite/-/appwrite-2.0.0.tgz",
      "integrity": "sha512-2hTZsh8HgjRwCja+BB487M5a53nR+1ofV8h922XJ6J50fMSuXyjY58At1sc32ktLDYtX6QmRxvv/Ep9CZngTnw=="
    }
  }
}
